
Microsoft Visual Studio Solution File, Format Version 12.00
# Visual Studio Version 16
VisualStudioVersion = 16.0.31424.327
MinimumVisualStudioVersion = 10.0.40219.1
Project("{9A19103F-16F7-4668-BE54-9A1E7A4F7556}") = "UniversityPET", "UniversityPET\UniversityPET.csproj", "{E7B3FF20-9A29-4C0D-BDCB-9847BDEACA17}"
EndProject
Project("{9A19103F-16F7-4668-BE54-9A1E7A4F7556}") = "UniversityPET.dll", "UniversityPET.dll\UniversityPET.dll.csproj", "{133D8053-C974-4303-B762-72C68BB36413}"
EndProject
Project("{FAE04EC0-301F-11D3-BF4B-00C04F79EFBC}") = "UniversityPET.Tests", "UniversityPET.Tests\UniversityPET.Tests.csproj", "{F3B52DB3-61D9-495A-A7B1-B740F57D1782}"
EndProject
Global
	GlobalSection(SolutionConfigurationPlatforms) = preSolution
		Debug|Any CPU = Debug|Any CPU
		Release|Any CPU = Release|Any CPU
	EndGlobalSection
	GlobalSection(ProjectConfigurationPlatforms) = postSolution
		{E7B3FF20-9A29-4C0D-BDCB-9847BDEACA17}.Debug|Any CPU.ActiveCfg = Debug|Any CPU
		{E7B3FF20-9A29-4C0D-BDCB-9847BDEACA17}.Debug|Any CPU.Build.0 = Debug|Any CPU
		{E7B3FF20-9A29-4C0D-BDCB-9847BDEACA17}.Release|Any CPU.ActiveCfg = Release|Any CPU
		{E7B3FF20-9A29-4C0D-BDCB-9847BDEACA17}.Release|Any CPU.Build.0 = Release|Any CPU
		{133D8053-C974-4303-B762-72C68BB36413}.Debug|Any CPU.ActiveCfg = Debug|Any CPU
		{133D8053-C974-4303-B762-72C68BB36413}.Debug|Any CPU.Build.0 = Debug|Any CPU
		{133D8053-C974-4303-B762-72C68BB36413}.Release|Any CPU.ActiveCfg = Release|Any CPU
		{133D8053-C974-4303-B762-72C68BB36413}.Release|Any CPU.Build.0 = Release|Any CPU
		{F3B52DB3-61D9-495A-A7B1-B740F57D1782}.Debug|Any CPU.ActiveCfg = Debug|Any CPU
		{F3B52DB3-61D9-495A-A7B1-B740F57D1782}.Debug|Any CPU.Build.0 = Debug|Any CPU
		{F3B52DB3-61D9-495A-A7B1-B740F57D1782}.Release|Any CPU.ActiveCfg = Release|Any CPU
		{F3B52DB3-61D9-495A-A7B1-B740F57D1782}.Release|Any CPU.Build.0 = Release|Any CPU
	EndGlobalSection
	GlobalSection(SolutionProperties) = preSolution
		HideSolutionNode = FALSE
	EndGlobalSection
	GlobalSection(ExtensibilityGlobals) = postSolution
		SolutionGuid = {89ABD441-CDD2-43CA-A3F6-F4F5407A17F8}
	EndGlobalSection
EndGlobal
